// !$*UTF8*$!
{
	archiveVersion = 1;
	classes = {
	};
	objectVersion = 50;
	objects = {

/* Begin PBXBuildFile section */
		57AEE5FB253109DA00A79117 /* Slide.swift in Sources */ = {isa = PBXBuildFile; fileRef = 57AEE5FA253109DA00A79117 /* Slide.swift */; };
		57AEE5FD25310A0400A79117 /* Slide.xib in Resources */ = {isa = PBXBuildFile; fileRef = 57AEE5FC25310A0400A79117 /* Slide.xib */; };
		A8CAFA492530E4AE0078C4E1 /* AppDelegate.swift in Sources */ = {isa = PBXBuildFile; fileRef = A8CAFA482530E4AE0078C4E1 /* AppDelegate.swift */; };
		A8CAFA4B2530E4AE0078C4E1 /* SceneDelegate.swift in Sources */ = {isa = PBXBuildFile; fileRef = A8CAFA4A2530E4AE0078C4E1 /* SceneDelegate.swift */; };
		A8CAFA4D2530E4AE0078C4E1 /* ViewController.swift in Sources */ = {isa = PBXBuildFile; fileRef = A8CAFA4C2530E4AE0078C4E1 /* ViewController.swift */; };
		A8CAFA502530E4AE0078C4E1 /* Main.storyboard in Resources */ = {isa = PBXBuildFile; fileRef = A8CAFA4E2530E4AE0078C4E1 /* Main.storyboard */; };
		A8CAFA522530E4B30078C4E1 /* Assets.xcassets in Resources */ = {isa = PBXBuildFile; fileRef = A8CAFA512530E4B30078C4E1 /* Assets.xcassets */; };
		A8CAFA552530E4B30078C4E1 /* LaunchScreen.storyboard in Resources */ = {isa = PBXBuildFile; fileRef = A8CAFA532530E4B30078C4E1 /* LaunchScreen.storyboard */; };
/* End PBXBuildFile section */

/* Begin PBXFileReference section */
		57AEE5FA253109DA00A79117 /* Slide.swift */ = {isa = PBXFileReference; lastKnownFileType = sourcecode.swift; path = Slide.swift; sourceTree = "<group>"; };
		57AEE5FC25310A0400A79117 /* Slide.xib */ = {isa = PBXFileReference; lastKnownFileType = file.xib; path = Slide.xib; sourceTree = "<group>"; };
		A8CAFA452530E4AE0078C4E1 /* CarScanner.app */ = {isa = PBXFileReference; explicitFileType = wrapper.application; includeInIndex = 0; path = CarScanner.app; sourceTree = BUILT_PRODUCTS_DIR; };
		A8CAFA482530E4AE0078C4E1 /* AppDelegate.swift */ = {isa = PBXFileReference; lastKnownFileType = sourcecode.swift; path = AppDelegate.swift; sourceTree = "<group>"; };
		A8CAFA4A2530E4AE0078C4E1 /* SceneDelegate.swift */ = {isa = PBXFileReference; lastKnownFileType = sourcecode.swift; path = SceneDelegate.swift; sourceTree = "<group>"; };
		A8CAFA4C2530E4AE0078C4E1 /* ViewController.swift */ = {isa = PBXFileReference; lastKnownFileType = sourcecode.swift; path = ViewController.swift; sourceTree = "<group>"; };
		A8CAFA4F2530E4AE0078C4E1 /* Base */ = {isa = PBXFileReference; lastKnownFileType = file.storyboard; name = Base; path = Base.lproj/Main.storyboard; sourceTree = "<group>"; };
		A8CAFA512530E4B30078C4E1 /* Assets.xcassets */ = {isa = PBXFileReference; lastKnownFileType = folder.assetcatalog; path = Assets.xcassets; sourceTree = "<group>"; };
		A8CAFA542530E4B30078C4E1 /* Base */ = {isa = PBXFileReference; lastKnownFileType = file.storyboard; name = Base; path = Base.lproj/LaunchScreen.storyboard; sourceTree = "<group>"; };
		A8CAFA562530E4B30078C4E1 /* Info.plist */ = {isa = PBXFileReference; lastKnownFileType = text.plist.xml; path = Info.plist; sourceTree = "<group>"; };
/* End PBXFileReference section */

/* Begin PBXFrameworksBuildPhase section */
		A8CAFA422530E4AE0078C4E1 /* Frameworks */ = {
			isa = PBXFrameworksBuildPhase;
			buildActionMask = 2147483647;
			files = (
			);
			runOnlyForDeploymentPostprocessing = 0;
		};
/* End PBXFrameworksBuildPhase section */

/* Begin PBXGroup section */
		A8CAFA3C2530E4AE0078C4E1 = {
			isa = PBXGroup;
			children = (
				A8CAFA472530E4AE0078C4E1 /* CarScanner */,
				A8CAFA462530E4AE0078C4E1 /* Products */,
			);
			sourceTree = "<group>";
		};
		A8CAFA462530E4AE0078C4E1 /* Products */ = {
			isa = PBXGroup;
			children = (
				A8CAFA452530E4AE0078C4E1 /* CarScanner.app */,
			);
			name = Products;
			sourceTree = "<group>";
		};
		A8CAFA472530E4AE0078C4E1 /* CarScanner */ = {
			isa = PBXGroup;
			children = (
				A8CAFA482530E4AE0078C4E1 /* AppDelegate.swift */,
				A8CAFA4A2530E4AE0078C4E1 /* SceneDelegate.swift */,
				A8CAFA4C2530E4AE0078C4E1 /* ViewController.swift */,
				57AEE5FA253109DA00A79117 /* Slide.swift */,
				A8CAFA4E2530E4AE0078C4E1 /* Main.storyboard */,
				A8CAFA512530E4B30078C4E1 /* Assets.xcassets */,
				A8CAFA532530E4B30078C4E1 /* LaunchScreen.storyboard */,
				A8CAFA562530E4B30078C4E1 /* Info.plist */,
				57AEE5FC25310A0400A79117 /* Slide.xib */,
			);
			path = CarScanner;
			sourceTree = "<group>";
		};
/* End PBXGroup section */

/* Begin PBXNativeTarget section */
		A8CAFA442530E4AE0078C4E1 /* CarScanner */ = {
			isa = PBXNativeTarget;
			buildConfigurationList = A8CAFA592530E4B30078C4E1 /* Build configuration list for PBXNativeTarget "CarScanner" */;
			buildPhases = (
				A8CAFA412530E4AE0078C4E1 /* Sources */,
				A8CAFA422530E4AE0078C4E1 /* Frameworks */,
				A8CAFA432530E4AE0078C4E1 /* Resources */,
			);
			buildRules = (
			);
			dependencies = (
			);
			name = CarScanner;
			productName = CarScanner;
			productReference = A8CAFA452530E4AE0078C4E1 /* CarScanner.app */;
			productType = "com.apple.product-type.application";
		};
/* End PBXNativeTarget section */

/* Begin PBXProject section */
		A8CAFA3D2530E4AE0078C4E1 /* Project object */ = {
			isa = PBXProject;
			attributes = {
				LastSwiftUpdateCheck = 1140;
				LastUpgradeCheck = 1140;
				ORGANIZATIONNAME = "Olga Mikhnenko";
				TargetAttributes = {
					A8CAFA442530E4AE0078C4E1 = {
						CreatedOnToolsVersion = 11.4.1;
					};
				};
			};
			buildConfigurationList = A8CAFA402530E4AE0078C4E1 /* Build configuration list for PBXProject "CarScanner" */;
			compatibilityVersion = "Xcode 9.3";
			developmentRegion = en;
			hasScannedForEncodings = 0;
			knownRegions = (
				en,
				Base,
			);
			mainGroup = A8CAFA3C2530E4AE0078C4E1;
			productRefGroup = A8CAFA462530E4AE0078C4E1 /* Products */;
			projectDirPath = "";
			projectRoot = "";
			targets = (
				A8CAFA442530E4AE0078C4E1 /* CarScanner */,
			);
		};
/* End PBXProject section */

/* Begin PBXResourcesBuildPhase section */
		A8CAFA432530E4AE0078C4E1 /* Resources */ = {
			isa = PBXResourcesBuildPhase;
			buildActionMask = 2147483647;
			files = (
				A8CAFA552530E4B30078C4E1 /* LaunchScreen.storyboard in Resources */,
				A8CAFA522530E4B30078C4E1 /* Assets.xcassets in Resources */,
				A8CAFA502530E4AE0078C4E1 /* Main.storyboard in Resources */,
				57AEE5FD25310A0400A79117 /* Slide.xib in Resources */,
			);
			runOnlyForDeploymentPostprocessing = 0;
		};
/* End PBXResourcesBuildPhase section */

/* Begin PBXSourcesBuildPhase section */
		A8CAFA412530E4AE0078C4E1 /* Sources */ = {
			isa = PBXSourcesBuildPhase;
			buildActionMask = 2147483647;
			files = (
				A8CAFA4D2530E4AE0078C4E1 /* ViewController.swift in Sources */,
				A8CAFA492530E4AE0078C4E1 /* AppDelegate.swift in Sources */,
				A8CAFA4B2530E4AE0078C4E1 /* SceneDelegate.swift in Sources */,
				57AEE5FB253109DA00A79117 /* Slide.swift in Sources */,
			);
			runOnlyForDeploymentPostprocessing = 0;
		};
/* End PBXSourcesBuildPhase section */

/* Begin PBXVariantGroup section */
		A8CAFA4E2530E4AE0078C4E1 /* Main.storyboard */ = {
			isa = PBXVariantGroup;
			children = (
				A8CAFA4F2530E4AE0078C4E1 /* Base */,
			);
			name = Main.storyboard;
			sourceTree = "<group>";
		};
		A8CAFA532530E4B30078C4E1 /* LaunchScreen.storyboard */ = {
			isa = PBXVariantGroup;
			children = (
				A8CAFA542530E4B30078C4E1 /* Base */,
			);
			name = LaunchScreen.storyboard;
			sourceTree = "<group>";
		};
/* End PBXVariantGroup section */

/* Begin XCBuildConfiguration section */
		A8CAFA572530E4B30078C4E1 /* Debug */ = {
			isa = XCBuildConfiguration;
			buildSettings = {
				ALWAYS_SEARCH_USER_PATHS = NO;
				CLANG_ANALYZER_NONNULL = YES;
				CLANG_ANALYZER_NUMBER_OBJECT_CONVERSION = YES_AGGRESSIVE;
				CLANG_CXX_LANGUAGE_STANDARD = "gnu++14";
				CLANG_CXX_LIBRARY = "libc++";
				CLANG_ENABLE_MODULES = YES;
				CLANG_ENABLE_OBJC_ARC = YES;
				CLANG_ENABLE_OBJC_WEAK = YES;
				CLANG_WARN_BLOCK_CAPTURE_AUTORELEASING = YES;
				CLANG_WARN_BOOL_CONVERSION = YES;
				CLANG_WARN_COMMA = YES;
				CLANG_WARN_CONSTANT_CONVERSION = YES;
				CLANG_WARN_DEPRECATED_OBJC_IMPLEMENTATIONS = YES;
				CLANG_WARN_DIRECT_OBJC_ISA_USAGE = YES_ERROR;
				CLANG_WARN_DOCUMENTATION_COMMENTS = YES;
				CLANG_WARN_EMPTY_BODY = YES;
				CLANG_WARN_ENUM_CONVERSION = YES;
				CLANG_WARN_INFINITE_RECURSION = YES;
				CLANG_WARN_INT_CONVERSION = YES;
				CLANG_WARN_NON_LITERAL_NULL_CONVERSION = YES;
				CLANG_WARN_OBJC_IMPLICIT_RETAIN_SELF = YES;
				CLANG_WARN_OBJC_LITERAL_CONVERSION = YES;
				CLANG_WARN_OBJC_ROOT_CLASS = YES_ERROR;
				CLANG_WARN_RANGE_LOOP_ANALYSIS = YES;
				CLANG_WARN_STRICT_PROTOTYPES = YES;
				CLANG_WARN_SUSPICIOUS_MOVE = YES;
				CLANG_WARN_UNGUARDED_AVAILABILITY = YES_AGGRESSIVE;
				CLANG_WARN_UNREACHABLE_CODE = YES;
				CLANG_WARN__DUPLICATE_METHOD_MATCH = YES;
				COPY_PHASE_STRIP = NO;
				DEBUG_INFORMATION_FORMAT = dwarf;
				ENABLE_STRICT_OBJC_MSGSEND = YES;
				ENABLE_TESTABILITY = YES;
				GCC_C_LANGUAGE_STANDARD = gnu11;
				GCC_DYNAMIC_NO_PIC = NO;
				GCC_NO_COMMON_BLOCKS = YES;
				GCC_OPTIMIZATION_LEVEL = 0;
				GCC_PREPROCESSOR_DEFINITIONS = (
					"DEBUG=1",
					"$(inherited)",
				);
				GCC_WARN_64_TO_32_BIT_CONVERSION = YES;
				GCC_WARN_ABOUT_RETURN_TYPE = YES_ERROR;
				GCC_WARN_UNDECLARED_SELECTOR = YES;
				GCC_WARN_UNINITIALIZED_AUTOS = YES_AGGRESSIVE;
				GCC_WARN_UNUSED_FUNCTION = YES;
				GCC_WARN_UNUSED_VARIABLE = YES;
				IPHONEOS_DEPLOYMENT_TARGET = 13.4;
				MTL_ENABLE_DEBUG_INFO = INCLUDE_SOURCE;
				MTL_FAST_MATH = YES;
				ONLY_ACTIVE_ARCH = YES;
				SDKROOT = iphoneos;
				SWIFT_ACTIVE_COMPILATION_CONDITIONS = DEBUG;
				SWIFT_OPTIMIZATION_LEVEL = "-Onone";
			};
			name = Debug;
		};
		A8CAFA582530E4B30078C4E1 /* Release */ = {
			isa = XCBuildConfiguration;
			buildSettings = {
				ALWAYS_SEARCH_USER_PATHS = NO;
				CLANG_ANALYZER_NONNULL = YES;
				CLANG_ANALYZER_NUMBER_OBJECT_CONVERSION = YES_AGGRESSIVE;
				CLANG_CXX_LANGUAGE_STANDARD = "gnu++14";
				CLANG_CXX_LIBRARY = "libc++";
				CLANG_ENABLE_MODULES = YES;
				CLANG_ENABLE_OBJC_ARC = YES;
				CLANG_ENABLE_OBJC_WEAK = YES;
				CLANG_WARN_BLOCK_CAPTURE_AUTORELEASING = YES;
				CLANG_WARN_BOOL_CONVERSION = YES;
				CLANG_WARN_COMMA = YES;
				CLANG_WARN_CONSTANT_CONVERSION = YES;
				CLANG_WARN_DEPRECATED_OBJC_IMPLEMENTATIONS = YES;
				CLANG_WARN_DIRECT_OBJC_ISA_USAGE = YES_ERROR;
				CLANG_WARN_DOCUMENTATION_COMMENTS = YES;
				CLANG_WARN_EMPTY_BODY = YES;
				CLANG_WARN_ENUM_CONVERSION = YES;
				CLANG_WARN_INFINITE_RECURSION = YES;
				CLANG_WARN_INT_CONVERSION = YES;
				CLANG_WARN_NON_LITERAL_NULL_CONVERSION = YES;
				CLANG_WARN_OBJC_IMPLICIT_RETAIN_SELF = YES;
				CLANG_WARN_OBJC_LITERAL_CONVERSION = YES;
				CLANG_WARN_OBJC_ROOT_CLASS = YES_ERROR;
				CLANG_WARN_RANGE_LOOP_ANALYSIS = YES;
				CLANG_WARN_STRICT_PROTOTYPES = YES;
				CLANG_WARN_SUSPICIOUS_MOVE = YES;
				CLANG_WARN_UNGUARDED_AVAILABILITY = YES_AGGRESSIVE;
				CLANG_WARN_UNREACHABLE_CODE = YES;
				CLANG_WARN__DUPLICATE_METHOD_MATCH = YES;
				COPY_PHASE_STRIP = NO;
				DEBUG_INFORMATION_FORMAT = "dwarf-with-dsym";
				ENABLE_NS_ASSERTIONS = NO;
				ENABLE_STRICT_OBJC_MSGSEND = YES;
				GCC_C_LANGUAGE_STANDARD = gnu11;
				GCC_NO_COMMON_BLOCKS = YES;
				GCC_WARN_64_TO_32_BIT_CONVERSION = YES;
				GCC_WARN_ABOUT_RETURN_TYPE = YES_ERROR;
				GCC_WARN_UNDECLARED_SELECTOR = YES;
				GCC_WARN_UNINITIALIZED_AUTOS = YES_AGGRESSIVE;
				GCC_WARN_UNUSED_FUNCTION = YES;
				GCC_WARN_UNUSED_VARIABLE = YES;
				IPHONEOS_DEPLOYMENT_TARGET = 13.4;
				MTL_ENABLE_DEBUG_INFO = NO;
				MTL_FAST_MATH = YES;
				SDKROOT = iphoneos;
				SWIFT_COMPILATION_MODE = wholemodule;
				SWIFT_OPTIMIZATION_LEVEL = "-O";
				VALIDATE_PRODUCT = YES;
			};
			name = Release;
		};
		A8CAFA5A2530E4B30078C4E1 /* Debug */ = {
			isa = XCBuildConfiguration;
			buildSettings = {
				ASSETCATALOG_COMPILER_APPICON_NAME = AppIcon;
				CODE_SIGN_STYLE = Automatic;
				DEVELOPMENT_TEAM = 4R899ZV6V2;
				INFOPLIST_FILE = CarScanner/Info.plist;
				LD_RUNPATH_SEARCH_PATHS = (
					"$(inherited)",
					"@executable_path/Frameworks",
				);
				PRODUCT_BUNDLE_IDENTIFIER = "Olga-Mikhnenko.CarScanner";
				PRODUCT_NAME = "$(TARGET_NAME)";
				SWIFT_VERSION = 5.0;
				TARGETED_DEVICE_FAMILY = 1;
			};
			name = Debug;
		};
		A8CAFA5B2530E4B30078C4E1 /* Release */ = {
			isa = XCBuildConfiguration;
			buildSettings = {
				ASSETCATALOG_COMPILER_APPICON_NAME = AppIcon;
				CODE_SIGN_STYLE = Automatic;
				DEVELOPMENT_TEAM = 4R899ZV6V2;
				INFOPLIST_FILE = CarScanner/Info.plist;
				LD_RUNPATH_SEARCH_PATHS = (
					"$(inherited)",
					"@executable_path/Frameworks",
				);
				PRODUCT_BUNDLE_IDENTIFIER = "Olga-Mikhnenko.CarScanner";
				PRODUCT_NAME = "$(TARGET_NAME)";
				SWIFT_VERSION = 5.0;
				TARGETED_DEVICE_FAMILY = 1;
			};
			name = Release;
		};
/* End XCBuildConfiguration section */

/* Begin XCConfigurationList section */
		A8CAFA402530E4AE0078C4E1 /* Build configuration list for PBXProject "CarScanner" */ = {
			isa = XCConfigurationList;
			buildConfigurations = (
				A8CAFA572530E4B30078C4E1 /* Debug */,
				A8CAFA582530E4B30078C4E1 /* Release */,
			);
			defaultConfigurationIsVisible = 0;
			defaultConfigurationName = Release;
		};
		A8CAFA592530E4B30078C4E1 /* Build configuration list for PBXNativeTarget "CarScanner" */ = {
			isa = XCConfigurationList;
			buildConfigurations = (
				A8CAFA5A2530E4B30078C4E1 /* Debug */,
				A8CAFA5B2530E4B30078C4E1 /* Release */,
			);
			defaultConfigurationIsVisible = 0;
			defaultConfigurationName = Release;
		};
/* End XCConfigurationList section */
	};
	rootObject = A8CAFA3D2530E4AE0078C4E1 /* Project object */;
}
